
Microsoft Visual Studio Solution File, Format Version 12.00
# Visual Studio Version 17
VisualStudioVersion = 17.4.33205.214
MinimumVisualStudioVersion = 10.0.40219.1
Project("{FAE04EC0-301F-11D3-BF4B-00C04F79EFBC}") = "SignalrServer", "SignalrServer\SignalrServer.csproj", "{E6DBCC7F-5B41-44EC-A50F-7DE19D9DEBFA}"
EndProject
Project("{FAE04EC0-301F-11D3-BF4B-00C04F79EFBC}") = "ConsoleSignalrClient", "ConsoleSignalrClient\ConsoleSignalrClient.csproj", "{8EDE150D-1235-48C7-9FC0-5A43A38BF242}"
EndProject
Global
	GlobalSection(SolutionConfigurationPlatforms) = preSolution
		Debug|Any CPU = Debug|Any CPU
		Release|Any CPU = Release|Any CPU
	EndGlobalSection
	GlobalSection(ProjectConfigurationPlatforms) = postSolution
		{E6DBCC7F-5B41-44EC-A50F-7DE19D9DEBFA}.Debug|Any CPU.ActiveCfg = Debug|Any CPU
		{E6DBCC7F-5B41-44EC-A50F-7DE19D9DEBFA}.Debug|Any CPU.Build.0 = Debug|Any CPU
		{E6DBCC7F-5B41-44EC-A50F-7DE19D9DEBFA}.Release|Any CPU.ActiveCfg = Release|Any CPU
		{E6DBCC7F-5B41-44EC-A50F-7DE19D9DEBFA}.Release|Any CPU.Build.0 = Release|Any CPU
		{8EDE150D-1235-48C7-9FC0-5A43A38BF242}.Debug|Any CPU.ActiveCfg = Debug|Any CPU
		{8EDE150D-1235-48C7-9FC0-5A43A38BF242}.Debug|Any CPU.Build.0 = Debug|Any CPU
		{8EDE150D-1235-48C7-9FC0-5A43A38BF242}.Release|Any CPU.ActiveCfg = Release|Any CPU
		{8EDE150D-1235-48C7-9FC0-5A43A38BF242}.Release|Any CPU.Build.0 = Release|Any CPU
	EndGlobalSection
	GlobalSection(SolutionProperties) = preSolution
		HideSolutionNode = FALSE
	EndGlobalSection
	GlobalSection(ExtensibilityGlobals) = postSolution
		SolutionGuid = {4B526582-ACBA-44D2-96A3-2611FB9922E1}
	EndGlobalSection
EndGlobal
